{
  "name": "extensions",
  "lockfileVersion": 2,
  "requires": true,
  "packages": {
    "": {
      "dependencies": {
        "coc-clangd": ">=0.9.0",
        "coc-rls": ">=1.1.6",
        "coc-tsserver": ">=1.8.1"
      }
    },
    "node_modules/coc-clangd": {
      "version": "0.12.0",
      "resolved": "https://registry.npmjs.org/coc-clangd/-/coc-clangd-0.12.0.tgz",
      "integrity": "sha512-nRKGxCQLNKvi38q8QIVM+tvGpqEpi1NugCcrRTQfTF78PXofct6ImtVu9aLKDqoq3cAJk9CmngXLPEj+sdgYzQ==",
      "engines": {
        "coc": "^0.0.80"
      }
    },
    "node_modules/coc-rls": {
      "version": "1.1.6",
      "resolved": "https://registry.npmjs.org/coc-rls/-/coc-rls-1.1.6.tgz",
      "integrity": "sha512-/XUM5UjOtnVBHghxBtwHz6C2lWnWgF8kX2+uocc356c2Bn8msQa6mrN0lijhlpDlsomSMPkGpZiY4zS1tNakMw==",
      "engines": {
        "coc": ">=0.0.67"
      }
    },
    "node_modules/coc-tsserver": {
      "version": "1.8.1",
      "resolved": "https://registry.npmjs.org/coc-tsserver/-/coc-tsserver-1.8.1.tgz",
      "integrity": "sha512-qkVsa46XLmOCmohpQhhz1SG9vUQN/54b/zZsDI5fnuBM49GX9f+Aya8m9ZidAzuwFKV+ostgvdWaB+GeQPPNPQ==",
      "dependencies": {
        "typescript": "^4.3.2"
      },
      "engines": {
        "coc": "^0.0.80"
      }
    },
    "node_modules/typescript": {
      "version": "4.3.5",
      "resolved": "https://registry.npmjs.org/typescript/-/typescript-4.3.5.tgz",
      "integrity": "sha512-DqQgihaQ9cUrskJo9kIyW/+g0Vxsk8cDtZ52a3NGh0YNTfpUSArXSohyUGnvbPazEPLu398C0UxmKSOrPumUzA==",
      "bin": {
        "tsc": "bin/tsc",
        "tsserver": "bin/tsserver"
      },
      "engines": {
        "node": ">=4.2.0"
      }
    }
  },
  "dependencies": {
    "coc-clangd": {
      "version": "0.12.0",
      "resolved": "https://registry.npmjs.org/coc-clangd/-/coc-clangd-0.12.0.tgz",
      "integrity": "sha512-nRKGxCQLNKvi38q8QIVM+tvGpqEpi1NugCcrRTQfTF78PXofct6ImtVu9aLKDqoq3cAJk9CmngXLPEj+sdgYzQ=="
    },
    "coc-rls": {
      "version": "1.1.6",
      "resolved": "https://registry.npmjs.org/coc-rls/-/coc-rls-1.1.6.tgz",
      "integrity": "sha512-/XUM5UjOtnVBHghxBtwHz6C2lWnWgF8kX2+uocc356c2Bn8msQa6mrN0lijhlpDlsomSMPkGpZiY4zS1tNakMw=="
    },
    "coc-tsserver": {
      "version": "1.8.1",
      "resolved": "https://registry.npmjs.org/coc-tsserver/-/coc-tsserver-1.8.1.tgz",
      "integrity": "sha512-qkVsa46XLmOCmohpQhhz1SG9vUQN/54b/zZsDI5fnuBM49GX9f+Aya8m9ZidAzuwFKV+ostgvdWaB+GeQPPNPQ==",
      "requires": {
        "typescript": "^4.3.2"
      }
    },
    "typescript": {
      "version": "4.3.5",
      "resolved": "https://registry.npmjs.org/typescript/-/typescript-4.3.5.tgz",
      "integrity": "sha512-DqQgihaQ9cUrskJo9kIyW/+g0Vxsk8cDtZ52a3NGh0YNTfpUSArXSohyUGnvbPazEPLu398C0UxmKSOrPumUzA=="
    }
  }
}
